// !$*UTF8*$!
{
	archiveVersion = 1;
	classes = {
	};
	objectVersion = 48;
	objects = {

/* Begin PBXBuildFile section */
		28FAD9271F95D9E300318540 /* AppDelegate.swift in Sources */ = {isa = PBXBuildFile; fileRef = 28FAD9261F95D9E300318540 /* AppDelegate.swift */; };
		28FAD9291F95D9E300318540 /* ViewController.swift in Sources */ = {isa = PBXBuildFile; fileRef = 28FAD9281F95D9E300318540 /* ViewController.swift */; };
		28FAD92C1F95D9E300318540 /* Main.storyboard in Resources */ = {isa = PBXBuildFile; fileRef = 28FAD92A1F95D9E300318540 /* Main.storyboard */; };
		28FAD92E1F95D9E300318540 /* Assets.xcassets in Resources */ = {isa = PBXBuildFile; fileRef = 28FAD92D1F95D9E300318540 /* Assets.xcassets */; };
		28FAD9311F95D9E300318540 /* LaunchScreen.storyboard in Resources */ = {isa = PBXBuildFile; fileRef = 28FAD92F1F95D9E300318540 /* LaunchScreen.storyboard */; };
		28FAD9391F95F7F400318540 /* MainTableViewController.swift in Sources */ = {isa = PBXBuildFile; fileRef = 28FAD9381F95F7F400318540 /* MainTableViewController.swift */; };
		28FAD93D1F95FD3A00318540 /* MarverlAuthentication.swift in Sources */ = {isa = PBXBuildFile; fileRef = 28FAD93C1F95FD3A00318540 /* MarverlAuthentication.swift */; };
		28FAD9451F95FE1000318540 /* test1Tests.swift in Sources */ = {isa = PBXBuildFile; fileRef = 28FAD9441F95FE1000318540 /* test1Tests.swift */; };
		28FAD94C1F960A1900318540 /* ApiKey.swift in Sources */ = {isa = PBXBuildFile; fileRef = 28FAD93B1F95FC0D00318540 /* ApiKey.swift */; };
/* End PBXBuildFile section */

/* Begin PBXContainerItemProxy section */
		28FAD9471F95FE1000318540 /* PBXContainerItemProxy */ = {
			isa = PBXContainerItemProxy;
			containerPortal = 28FAD91B1F95D9E300318540 /* Project object */;
			proxyType = 1;
			remoteGlobalIDString = 28FAD9221F95D9E300318540;
			remoteInfo = test1;
		};
/* End PBXContainerItemProxy section */

/* Begin PBXFileReference section */
		28FAD9231F95D9E300318540 /* test1.app */ = {isa = PBXFileReference; explicitFileType = wrapper.application; includeInIndex = 0; path = test1.app; sourceTree = BUILT_PRODUCTS_DIR; };
		28FAD9261F95D9E300318540 /* AppDelegate.swift */ = {isa = PBXFileReference; lastKnownFileType = sourcecode.swift; path = AppDelegate.swift; sourceTree = "<group>"; };
		28FAD9281F95D9E300318540 /* ViewController.swift */ = {isa = PBXFileReference; lastKnownFileType = sourcecode.swift; path = ViewController.swift; sourceTree = "<group>"; };
		28FAD92B1F95D9E300318540 /* Base */ = {isa = PBXFileReference; lastKnownFileType = file.storyboard; name = Base; path = Base.lproj/Main.storyboard; sourceTree = "<group>"; };
		28FAD92D1F95D9E300318540 /* Assets.xcassets */ = {isa = PBXFileReference; lastKnownFileType = folder.assetcatalog; path = Assets.xcassets; sourceTree = "<group>"; };
		28FAD9301F95D9E300318540 /* Base */ = {isa = PBXFileReference; lastKnownFileType = file.storyboard; name = Base; path = Base.lproj/LaunchScreen.storyboard; sourceTree = "<group>"; };
		28FAD9321F95D9E300318540 /* Info.plist */ = {isa = PBXFileReference; lastKnownFileType = text.plist.xml; path = Info.plist; sourceTree = "<group>"; };
		28FAD9381F95F7F400318540 /* MainTableViewController.swift */ = {isa = PBXFileReference; lastKnownFileType = sourcecode.swift; path = MainTableViewController.swift; sourceTree = "<group>"; };
		28FAD93B1F95FC0D00318540 /* ApiKey.swift */ = {isa = PBXFileReference; lastKnownFileType = sourcecode.swift; path = ApiKey.swift; sourceTree = "<group>"; };
		28FAD93C1F95FD3A00318540 /* MarverlAuthentication.swift */ = {isa = PBXFileReference; lastKnownFileType = sourcecode.swift; path = MarverlAuthentication.swift; sourceTree = "<group>"; };
		28FAD9421F95FE1000318540 /* test1Tests.xctest */ = {isa = PBXFileReference; explicitFileType = wrapper.cfbundle; includeInIndex = 0; path = test1Tests.xctest; sourceTree = BUILT_PRODUCTS_DIR; };
		28FAD9441F95FE1000318540 /* test1Tests.swift */ = {isa = PBXFileReference; lastKnownFileType = sourcecode.swift; path = test1Tests.swift; sourceTree = "<group>"; };
		28FAD9461F95FE1000318540 /* Info.plist */ = {isa = PBXFileReference; lastKnownFileType = text.plist.xml; path = Info.plist; sourceTree = "<group>"; };
		28FAD94D1F96226300318540 /* test1-Bridging-Header.h */ = {isa = PBXFileReference; lastKnownFileType = sourcecode.c.h; path = "test1-Bridging-Header.h"; sourceTree = "<group>"; };
/* End PBXFileReference section */

/* Begin PBXFrameworksBuildPhase section */
		28FAD9201F95D9E300318540 /* Frameworks */ = {
			isa = PBXFrameworksBuildPhase;
			buildActionMask = 2147483647;
			files = (
			);
			runOnlyForDeploymentPostprocessing = 0;
		};
		28FAD93F1F95FE1000318540 /* Frameworks */ = {
			isa = PBXFrameworksBuildPhase;
			buildActionMask = 2147483647;
			files = (
			);
			runOnlyForDeploymentPostprocessing = 0;
		};
/* End PBXFrameworksBuildPhase section */

/* Begin PBXGroup section */
		28FAD91A1F95D9E300318540 = {
			isa = PBXGroup;
			children = (
				28FAD9251F95D9E300318540 /* test1 */,
				28FAD9431F95FE1000318540 /* test1Tests */,
				28FAD9241F95D9E300318540 /* Products */,
				28FAD94D1F96226300318540 /* test1-Bridging-Header.h */,
			);
			sourceTree = "<group>";
		};
		28FAD9241F95D9E300318540 /* Products */ = {
			isa = PBXGroup;
			children = (
				28FAD9231F95D9E300318540 /* test1.app */,
				28FAD9421F95FE1000318540 /* test1Tests.xctest */,
			);
			name = Products;
			sourceTree = "<group>";
		};
		28FAD9251F95D9E300318540 /* test1 */ = {
			isa = PBXGroup;
			children = (
				28FAD93A1F95FA9500318540 /* ApiClient */,
				28FAD9261F95D9E300318540 /* AppDelegate.swift */,
				28FAD9281F95D9E300318540 /* ViewController.swift */,
				28FAD92A1F95D9E300318540 /* Main.storyboard */,
				28FAD92D1F95D9E300318540 /* Assets.xcassets */,
				28FAD92F1F95D9E300318540 /* LaunchScreen.storyboard */,
				28FAD9321F95D9E300318540 /* Info.plist */,
				28FAD9381F95F7F400318540 /* MainTableViewController.swift */,
			);
			path = test1;
			sourceTree = "<group>";
		};
		28FAD93A1F95FA9500318540 /* ApiClient */ = {
			isa = PBXGroup;
			children = (
				28FAD93B1F95FC0D00318540 /* ApiKey.swift */,
				28FAD93C1F95FD3A00318540 /* MarverlAuthentication.swift */,
			);
			path = ApiClient;
			sourceTree = "<group>";
		};
		28FAD9431F95FE1000318540 /* test1Tests */ = {
			isa = PBXGroup;
			children = (
				28FAD9441F95FE1000318540 /* test1Tests.swift */,
				28FAD9461F95FE1000318540 /* Info.plist */,
			);
			path = test1Tests;
			sourceTree = "<group>";
		};
/* End PBXGroup section */

/* Begin PBXNativeTarget section */
		28FAD9221F95D9E300318540 /* test1 */ = {
			isa = PBXNativeTarget;
			buildConfigurationList = 28FAD9351F95D9E300318540 /* Build configuration list for PBXNativeTarget "test1" */;
			buildPhases = (
				28FAD91F1F95D9E300318540 /* Sources */,
				28FAD9201F95D9E300318540 /* Frameworks */,
				28FAD9211F95D9E300318540 /* Resources */,
			);
			buildRules = (
			);
			dependencies = (
			);
			name = test1;
			productName = test1;
			productReference = 28FAD9231F95D9E300318540 /* test1.app */;
			productType = "com.apple.product-type.application";
		};
		28FAD9411F95FE1000318540 /* test1Tests */ = {
			isa = PBXNativeTarget;
			buildConfigurationList = 28FAD9491F95FE1100318540 /* Build configuration list for PBXNativeTarget "test1Tests" */;
			buildPhases = (
				28FAD93E1F95FE1000318540 /* Sources */,
				28FAD93F1F95FE1000318540 /* Frameworks */,
				28FAD9401F95FE1000318540 /* Resources */,
			);
			buildRules = (
			);
			dependencies = (
				28FAD9481F95FE1000318540 /* PBXTargetDependency */,
			);
			name = test1Tests;
			productName = test1Tests;
			productReference = 28FAD9421F95FE1000318540 /* test1Tests.xctest */;
			productType = "com.apple.product-type.bundle.unit-test";
		};
/* End PBXNativeTarget section */

/* Begin PBXProject section */
		28FAD91B1F95D9E300318540 /* Project object */ = {
			isa = PBXProject;
			attributes = {
				LastSwiftUpdateCheck = 0900;
				LastUpgradeCheck = 0900;
				ORGANIZATIONNAME = "Oleg Pavlichenkov";
				TargetAttributes = {
					28FAD9221F95D9E300318540 = {
						CreatedOnToolsVersion = 9.0;
						LastSwiftMigration = 0900;
						ProvisioningStyle = Automatic;
					};
					28FAD9411F95FE1000318540 = {
						CreatedOnToolsVersion = 9.0;
						ProvisioningStyle = Automatic;
						TestTargetID = 28FAD9221F95D9E300318540;
					};
				};
			};
			buildConfigurationList = 28FAD91E1F95D9E300318540 /* Build configuration list for PBXProject "test1" */;
			compatibilityVersion = "Xcode 8.0";
			developmentRegion = en;
			hasScannedForEncodings = 0;
			knownRegions = (
				en,
				Base,
			);
			mainGroup = 28FAD91A1F95D9E300318540;
			productRefGroup = 28FAD9241F95D9E300318540 /* Products */;
			projectDirPath = "";
			projectRoot = "";
			targets = (
				28FAD9221F95D9E300318540 /* test1 */,
				28FAD9411F95FE1000318540 /* test1Tests */,
			);
		};
/* End PBXProject section */

/* Begin PBXResourcesBuildPhase section */
		28FAD9211F95D9E300318540 /* Resources */ = {
			isa = PBXResourcesBuildPhase;
			buildActionMask = 2147483647;
			files = (
				28FAD9311F95D9E300318540 /* LaunchScreen.storyboard in Resources */,
				28FAD92E1F95D9E300318540 /* Assets.xcassets in Resources */,
				28FAD92C1F95D9E300318540 /* Main.storyboard in Resources */,
			);
			runOnlyForDeploymentPostprocessing = 0;
		};
		28FAD9401F95FE1000318540 /* Resources */ = {
			isa = PBXResourcesBuildPhase;
			buildActionMask = 2147483647;
			files = (
			);
			runOnlyForDeploymentPostprocessing = 0;
		};
/* End PBXResourcesBuildPhase section */

/* Begin PBXSourcesBuildPhase section */
		28FAD91F1F95D9E300318540 /* Sources */ = {
			isa = PBXSourcesBuildPhase;
			buildActionMask = 2147483647;
			files = (
				28FAD94C1F960A1900318540 /* ApiKey.swift in Sources */,
				28FAD9291F95D9E300318540 /* ViewController.swift in Sources */,
				28FAD9391F95F7F400318540 /* MainTableViewController.swift in Sources */,
				28FAD9271F95D9E300318540 /* AppDelegate.swift in Sources */,
				28FAD93D1F95FD3A00318540 /* MarverlAuthentication.swift in Sources */,
			);
			runOnlyForDeploymentPostprocessing = 0;
		};
		28FAD93E1F95FE1000318540 /* Sources */ = {
			isa = PBXSourcesBuildPhase;
			buildActionMask = 2147483647;
			files = (
				28FAD9451F95FE1000318540 /* test1Tests.swift in Sources */,
			);
			runOnlyForDeploymentPostprocessing = 0;
		};
/* End PBXSourcesBuildPhase section */

/* Begin PBXTargetDependency section */
		28FAD9481F95FE1000318540 /* PBXTargetDependency */ = {
			isa = PBXTargetDependency;
			target = 28FAD9221F95D9E300318540 /* test1 */;
			targetProxy = 28FAD9471F95FE1000318540 /* PBXContainerItemProxy */;
		};
/* End PBXTargetDependency section */

/* Begin PBXVariantGroup section */
		28FAD92A1F95D9E300318540 /* Main.storyboard */ = {
			isa = PBXVariantGroup;
			children = (
				28FAD92B1F95D9E300318540 /* Base */,
			);
			name = Main.storyboard;
			sourceTree = "<group>";
		};
		28FAD92F1F95D9E300318540 /* LaunchScreen.storyboard */ = {
			isa = PBXVariantGroup;
			children = (
				28FAD9301F95D9E300318540 /* Base */,
			);
			name = LaunchScreen.storyboard;
			sourceTree = "<group>";
		};
/* End PBXVariantGroup section */

/* Begin XCBuildConfiguration section */
		28FAD9331F95D9E300318540 /* Debug */ = {
			isa = XCBuildConfiguration;
			buildSettings = {
				ALWAYS_SEARCH_USER_PATHS = NO;
				CLANG_ANALYZER_NONNULL = YES;
				CLANG_ANALYZER_NUMBER_OBJECT_CONVERSION = YES_AGGRESSIVE;
				CLANG_CXX_LANGUAGE_STANDARD = "gnu++14";
				CLANG_CXX_LIBRARY = "libc++";
				CLANG_ENABLE_MODULES = YES;
				CLANG_ENABLE_OBJC_ARC = YES;
				CLANG_WARN_BLOCK_CAPTURE_AUTORELEASING = YES;
				CLANG_WARN_BOOL_CONVERSION = YES;
				CLANG_WARN_COMMA = YES;
				CLANG_WARN_CONSTANT_CONVERSION = YES;
				CLANG_WARN_DIRECT_OBJC_ISA_USAGE = YES_ERROR;
				CLANG_WARN_DOCUMENTATION_COMMENTS = YES;
				CLANG_WARN_EMPTY_BODY = YES;
				CLANG_WARN_ENUM_CONVERSION = YES;
				CLANG_WARN_INFINITE_RECURSION = YES;
				CLANG_WARN_INT_CONVERSION = YES;
				CLANG_WARN_NON_LITERAL_NULL_CONVERSION = YES;
				CLANG_WARN_OBJC_LITERAL_CONVERSION = YES;
				CLANG_WARN_OBJC_ROOT_CLASS = YES_ERROR;
				CLANG_WARN_RANGE_LOOP_ANALYSIS = YES;
				CLANG_WARN_STRICT_PROTOTYPES = YES;
				CLANG_WARN_SUSPICIOUS_MOVE = YES;
				CLANG_WARN_UNGUARDED_AVAILABILITY = YES_AGGRESSIVE;
				CLANG_WARN_UNREACHABLE_CODE = YES;
				CLANG_WARN__DUPLICATE_METHOD_MATCH = YES;
				CODE_SIGN_IDENTITY = "iPhone Developer";
				COPY_PHASE_STRIP = NO;
				DEBUG_INFORMATION_FORMAT = dwarf;
				ENABLE_STRICT_OBJC_MSGSEND = YES;
				ENABLE_TESTABILITY = YES;
				GCC_C_LANGUAGE_STANDARD = gnu11;
				GCC_DYNAMIC_NO_PIC = NO;
				GCC_NO_COMMON_BLOCKS = YES;
				GCC_OPTIMIZATION_LEVEL = 0;
				GCC_PREPROCESSOR_DEFINITIONS = (
					"DEBUG=1",
					"$(inherited)",
				);
				GCC_WARN_64_TO_32_BIT_CONVERSION = YES;
				GCC_WARN_ABOUT_RETURN_TYPE = YES_ERROR;
				GCC_WARN_UNDECLARED_SELECTOR = YES;
				GCC_WARN_UNINITIALIZED_AUTOS = YES_AGGRESSIVE;
				GCC_WARN_UNUSED_FUNCTION = YES;
				GCC_WARN_UNUSED_VARIABLE = YES;
				IPHONEOS_DEPLOYMENT_TARGET = 11.0;
				MTL_ENABLE_DEBUG_INFO = YES;
				ONLY_ACTIVE_ARCH = YES;
				SDKROOT = iphoneos;
				SWIFT_ACTIVE_COMPILATION_CONDITIONS = DEBUG;
				SWIFT_OPTIMIZATION_LEVEL = "-Onone";
			};
			name = Debug;
		};
		28FAD9341F95D9E300318540 /* Release */ = {
			isa = XCBuildConfiguration;
			buildSettings = {
				ALWAYS_SEARCH_USER_PATHS = NO;
				CLANG_ANALYZER_NONNULL = YES;
				CLANG_ANALYZER_NUMBER_OBJECT_CONVERSION = YES_AGGRESSIVE;
				CLANG_CXX_LANGUAGE_STANDARD = "gnu++14";
				CLANG_CXX_LIBRARY = "libc++";
				CLANG_ENABLE_MODULES = YES;
				CLANG_ENABLE_OBJC_ARC = YES;
				CLANG_WARN_BLOCK_CAPTURE_AUTORELEASING = YES;
				CLANG_WARN_BOOL_CONVERSION = YES;
				CLANG_WARN_COMMA = YES;
				CLANG_WARN_CONSTANT_CONVERSION = YES;
				CLANG_WARN_DIRECT_OBJC_ISA_USAGE = YES_ERROR;
				CLANG_WARN_DOCUMENTATION_COMMENTS = YES;
				CLANG_WARN_EMPTY_BODY = YES;
				CLANG_WARN_ENUM_CONVERSION = YES;
				CLANG_WARN_INFINITE_RECURSION = YES;
				CLANG_WARN_INT_CONVERSION = YES;
				CLANG_WARN_NON_LITERAL_NULL_CONVERSION = YES;
				CLANG_WARN_OBJC_LITERAL_CONVERSION = YES;
				CLANG_WARN_OBJC_ROOT_CLASS = YES_ERROR;
				CLANG_WARN_RANGE_LOOP_ANALYSIS = YES;
				CLANG_WARN_STRICT_PROTOTYPES = YES;
				CLANG_WARN_SUSPICIOUS_MOVE = YES;
				CLANG_WARN_UNGUARDED_AVAILABILITY = YES_AGGRESSIVE;
				CLANG_WARN_UNREACHABLE_CODE = YES;
				CLANG_WARN__DUPLICATE_METHOD_MATCH = YES;
				CODE_SIGN_IDENTITY = "iPhone Developer";
				COPY_PHASE_STRIP = NO;
				DEBUG_INFORMATION_FORMAT = "dwarf-with-dsym";
				ENABLE_NS_ASSERTIONS = NO;
				ENABLE_STRICT_OBJC_MSGSEND = YES;
				GCC_C_LANGUAGE_STANDARD = gnu11;
				GCC_NO_COMMON_BLOCKS = YES;
				GCC_WARN_64_TO_32_BIT_CONVERSION = YES;
				GCC_WARN_ABOUT_RETURN_TYPE = YES_ERROR;
				GCC_WARN_UNDECLARED_SELECTOR = YES;
				GCC_WARN_UNINITIALIZED_AUTOS = YES_AGGRESSIVE;
				GCC_WARN_UNUSED_FUNCTION = YES;
				GCC_WARN_UNUSED_VARIABLE = YES;
				IPHONEOS_DEPLOYMENT_TARGET = 11.0;
				MTL_ENABLE_DEBUG_INFO = NO;
				SDKROOT = iphoneos;
				SWIFT_OPTIMIZATION_LEVEL = "-Owholemodule";
				VALIDATE_PRODUCT = YES;
			};
			name = Release;
		};
		28FAD9361F95D9E300318540 /* Debug */ = {
			isa = XCBuildConfiguration;
			buildSettings = {
				ASSETCATALOG_COMPILER_APPICON_NAME = AppIcon;
				CLANG_ENABLE_MODULES = YES;
				CODE_SIGN_STYLE = Automatic;
				DEVELOPMENT_TEAM = 4Y4DUJVCEZ;
				INFOPLIST_FILE = test1/Info.plist;
				LD_RUNPATH_SEARCH_PATHS = "$(inherited) @executable_path/Frameworks";
				PRODUCT_BUNDLE_IDENTIFIER = "com.just-eng.test1";
				PRODUCT_NAME = "$(TARGET_NAME)";
				SWIFT_OBJC_BRIDGING_HEADER = "test1-Bridging-Header.h";
				SWIFT_OPTIMIZATION_LEVEL = "-Onone";
				SWIFT_VERSION = 4.0;
				TARGETED_DEVICE_FAMILY = "1,2";
			};
			name = Debug;
		};
		28FAD9371F95D9E300318540 /* Release */ = {
			isa = XCBuildConfiguration;
			buildSettings = {
				ASSETCATALOG_COMPILER_APPICON_NAME = AppIcon;
				CLANG_ENABLE_MODULES = YES;
				CODE_SIGN_STYLE = Automatic;
				DEVELOPMENT_TEAM = 4Y4DUJVCEZ;
				INFOPLIST_FILE = test1/Info.plist;
				LD_RUNPATH_SEARCH_PATHS = "$(inherited) @executable_path/Frameworks";
				PRODUCT_BUNDLE_IDENTIFIER = "com.just-eng.test1";
				PRODUCT_NAME = "$(TARGET_NAME)";
				SWIFT_OBJC_BRIDGING_HEADER = "test1-Bridging-Header.h";
				SWIFT_VERSION = 4.0;
				TARGETED_DEVICE_FAMILY = "1,2";
			};
			name = Release;
		};
		28FAD94A1F95FE1100318540 /* Debug */ = {
			isa = XCBuildConfiguration;
			buildSettings = {
				BUNDLE_LOADER = "$(TEST_HOST)";
				CODE_SIGN_STYLE = Automatic;
				DEVELOPMENT_TEAM = 4Y4DUJVCEZ;
				INFOPLIST_FILE = test1Tests/Info.plist;
				LD_RUNPATH_SEARCH_PATHS = "$(inherited) @executable_path/Frameworks @loader_path/Frameworks";
				PRODUCT_BUNDLE_IDENTIFIER = "com.just-eng.test1Tests";
				PRODUCT_NAME = "$(TARGET_NAME)";
				SWIFT_VERSION = 4.0;
				TARGETED_DEVICE_FAMILY = "1,2";
				TEST_HOST = "$(BUILT_PRODUCTS_DIR)/test1.app/test1";
			};
			name = Debug;
		};
		28FAD94B1F95FE1100318540 /* Release */ = {
			isa = XCBuildConfiguration;
			buildSettings = {
				BUNDLE_LOADER = "$(TEST_HOST)";
				CODE_SIGN_STYLE = Automatic;
				DEVELOPMENT_TEAM = 4Y4DUJVCEZ;
				INFOPLIST_FILE = test1Tests/Info.plist;
				LD_RUNPATH_SEARCH_PATHS = "$(inherited) @executable_path/Frameworks @loader_path/Frameworks";
				PRODUCT_BUNDLE_IDENTIFIER = "com.just-eng.test1Tests";
				PRODUCT_NAME = "$(TARGET_NAME)";
				SWIFT_VERSION = 4.0;
				TARGETED_DEVICE_FAMILY = "1,2";
				TEST_HOST = "$(BUILT_PRODUCTS_DIR)/test1.app/test1";
			};
			name = Release;
		};
/* End XCBuildConfiguration section */

/* Begin XCConfigurationList section */
		28FAD91E1F95D9E300318540 /* Build configuration list for PBXProject "test1" */ = {
			isa = XCConfigurationList;
			buildConfigurations = (
				28FAD9331F95D9E300318540 /* Debug */,
				28FAD9341F95D9E300318540 /* Release */,
			);
			defaultConfigurationIsVisible = 0;
			defaultConfigurationName = Release;
		};
		28FAD9351F95D9E300318540 /* Build configuration list for PBXNativeTarget "test1" */ = {
			isa = XCConfigurationList;
			buildConfigurations = (
				28FAD9361F95D9E300318540 /* Debug */,
				28FAD9371F95D9E300318540 /* Release */,
			);
			defaultConfigurationIsVisible = 0;
			defaultConfigurationName = Release;
		};
		28FAD9491F95FE1100318540 /* Build configuration list for PBXNativeTarget "test1Tests" */ = {
			isa = XCConfigurationList;
			buildConfigurations = (
				28FAD94A1F95FE1100318540 /* Debug */,
				28FAD94B1F95FE1100318540 /* Release */,
			);
			defaultConfigurationIsVisible = 0;
			defaultConfigurationName = Release;
		};
/* End XCConfigurationList section */
	};
	rootObject = 28FAD91B1F95D9E300318540 /* Project object */;
}
